{
  "name": "@yupalyupar/ajs-2",
  "version": "1.0.0",
  "lockfileVersion": 3,
  "requires": true,
  "packages": {
    "": {
      "name": "@yupalyupar/ajs-2",
      "version": "1.0.0",
      "license": "ISC",
      "dependencies": {
        "@yupalyupar/ajs": "^1.0.0"
      }
    },
    "node_modules/@yupalyupar/ajs": {
      "version": "1.0.0",
      "resolved": "https://npm.pkg.github.com/download/@yupalyupar/ajs/1.0.0/638e895cbdeaca0e5f973de646bc5586d2fbd479",
      "integrity": "sha512-ELLSKczOWpT6aQT1pqUvO0qzddj/DjByKacwtP8qRw5xCSlGDZTuOu8GGoGW4W3YZNm89uklmN64fQiK8V8q/g==",
      "license": "ISC"
    }
  }
}
